
Microsoft Visual Studio Solution File, Format Version 12.00
# Visual Studio 15
Project("{FAE04EC0-301F-11D3-BF4B-00C04F79EFBC}") = "ClimaDrumond.Android", "ClimaDrumond.Android\ClimaDrumond.Android.csproj", "{E7D2BA05-9324-4F94-8BBC-20D4968BC997}"
EndProject
Project("{FAE04EC0-301F-11D3-BF4B-00C04F79EFBC}") = "ClimaDrumond.iOS", "ClimaDrumond.iOS\ClimaDrumond.iOS.csproj", "{FB341FD9-927B-49F6-ADEC-4992DA30A3B9}"
EndProject
Project("{FAE04EC0-301F-11D3-BF4B-00C04F79EFBC}") = "ClimaDrumond", "ClimaDrumond\ClimaDrumond.csproj", "{F83E7E8A-DA53-4C36-BFB4-94C9D8683933}"
EndProject
Global
	GlobalSection(SolutionConfigurationPlatforms) = preSolution
		Debug|Any CPU = Debug|Any CPU
		Release|Any CPU = Release|Any CPU
		Debug|iPhoneSimulator = Debug|iPhoneSimulator
		Release|iPhoneSimulator = Release|iPhoneSimulator
		Debug|iPhone = Debug|iPhone
		Release|iPhone = Release|iPhone
	EndGlobalSection
	GlobalSection(ProjectConfigurationPlatforms) = postSolution
		{E7D2BA05-9324-4F94-8BBC-20D4968BC997}.Debug|Any CPU.ActiveCfg = Debug|Any CPU
		{E7D2BA05-9324-4F94-8BBC-20D4968BC997}.Debug|Any CPU.Build.0 = Debug|Any CPU
		{E7D2BA05-9324-4F94-8BBC-20D4968BC997}.Release|Any CPU.ActiveCfg = Release|Any CPU
		{E7D2BA05-9324-4F94-8BBC-20D4968BC997}.Release|Any CPU.Build.0 = Release|Any CPU
		{E7D2BA05-9324-4F94-8BBC-20D4968BC997}.Debug|iPhoneSimulator.ActiveCfg = Debug|Any CPU
		{E7D2BA05-9324-4F94-8BBC-20D4968BC997}.Debug|iPhoneSimulator.Build.0 = Debug|Any CPU
		{E7D2BA05-9324-4F94-8BBC-20D4968BC997}.Release|iPhoneSimulator.ActiveCfg = Release|Any CPU
		{E7D2BA05-9324-4F94-8BBC-20D4968BC997}.Release|iPhoneSimulator.Build.0 = Release|Any CPU
		{E7D2BA05-9324-4F94-8BBC-20D4968BC997}.Debug|iPhone.ActiveCfg = Debug|Any CPU
		{E7D2BA05-9324-4F94-8BBC-20D4968BC997}.Debug|iPhone.Build.0 = Debug|Any CPU
		{E7D2BA05-9324-4F94-8BBC-20D4968BC997}.Release|iPhone.ActiveCfg = Release|Any CPU
		{E7D2BA05-9324-4F94-8BBC-20D4968BC997}.Release|iPhone.Build.0 = Release|Any CPU
		{FB341FD9-927B-49F6-ADEC-4992DA30A3B9}.Debug|Any CPU.ActiveCfg = Debug|iPhoneSimulator
		{FB341FD9-927B-49F6-ADEC-4992DA30A3B9}.Debug|Any CPU.Build.0 = Debug|iPhoneSimulator
		{FB341FD9-927B-49F6-ADEC-4992DA30A3B9}.Release|Any CPU.ActiveCfg = Release|iPhoneSimulator
		{FB341FD9-927B-49F6-ADEC-4992DA30A3B9}.Release|Any CPU.Build.0 = Release|iPhoneSimulator
		{FB341FD9-927B-49F6-ADEC-4992DA30A3B9}.Debug|iPhoneSimulator.ActiveCfg = Debug|iPhoneSimulator
		{FB341FD9-927B-49F6-ADEC-4992DA30A3B9}.Debug|iPhoneSimulator.Build.0 = Debug|iPhoneSimulator
		{FB341FD9-927B-49F6-ADEC-4992DA30A3B9}.Release|iPhoneSimulator.ActiveCfg = Release|iPhoneSimulator
		{FB341FD9-927B-49F6-ADEC-4992DA30A3B9}.Release|iPhoneSimulator.Build.0 = Release|iPhoneSimulator
		{FB341FD9-927B-49F6-ADEC-4992DA30A3B9}.Debug|iPhone.ActiveCfg = Debug|iPhone
		{FB341FD9-927B-49F6-ADEC-4992DA30A3B9}.Debug|iPhone.Build.0 = Debug|iPhone
		{FB341FD9-927B-49F6-ADEC-4992DA30A3B9}.Release|iPhone.ActiveCfg = Release|iPhone
		{FB341FD9-927B-49F6-ADEC-4992DA30A3B9}.Release|iPhone.Build.0 = Release|iPhone
		{F83E7E8A-DA53-4C36-BFB4-94C9D8683933}.Debug|Any CPU.ActiveCfg = Debug|Any CPU
		{F83E7E8A-DA53-4C36-BFB4-94C9D8683933}.Debug|Any CPU.Build.0 = Debug|Any CPU
		{F83E7E8A-DA53-4C36-BFB4-94C9D8683933}.Release|Any CPU.ActiveCfg = Release|Any CPU
		{F83E7E8A-DA53-4C36-BFB4-94C9D8683933}.Release|Any CPU.Build.0 = Release|Any CPU
		{F83E7E8A-DA53-4C36-BFB4-94C9D8683933}.Debug|iPhoneSimulator.ActiveCfg = Debug|Any CPU
		{F83E7E8A-DA53-4C36-BFB4-94C9D8683933}.Debug|iPhoneSimulator.Build.0 = Debug|Any CPU
		{F83E7E8A-DA53-4C36-BFB4-94C9D8683933}.Release|iPhoneSimulator.ActiveCfg = Release|Any CPU
		{F83E7E8A-DA53-4C36-BFB4-94C9D8683933}.Release|iPhoneSimulator.Build.0 = Release|Any CPU
		{F83E7E8A-DA53-4C36-BFB4-94C9D8683933}.Debug|iPhone.ActiveCfg = Debug|Any CPU
		{F83E7E8A-DA53-4C36-BFB4-94C9D8683933}.Debug|iPhone.Build.0 = Debug|Any CPU
		{F83E7E8A-DA53-4C36-BFB4-94C9D8683933}.Release|iPhone.ActiveCfg = Release|Any CPU
		{F83E7E8A-DA53-4C36-BFB4-94C9D8683933}.Release|iPhone.Build.0 = Release|Any CPU
	EndGlobalSection
EndGlobal
